
Microsoft Visual Studio Solution File, Format Version 12.00
# Visual Studio Version 17
VisualStudioVersion = 17.11.35222.181
MinimumVisualStudioVersion = 10.0.40219.1
Project("{FAE04EC0-301F-11D3-BF4B-00C04F79EFBC}") = "Entities", "Entities\Entities.csproj", "{B36744B2-B3AF-49A0-92A8-E49B631CA758}"
EndProject
Project("{FAE04EC0-301F-11D3-BF4B-00C04F79EFBC}") = "Repositories", "Repository\Repositories.csproj", "{F4D2888B-D73B-418F-AF34-42057C0424FD}"
EndProject
Project("{FAE04EC0-301F-11D3-BF4B-00C04F79EFBC}") = "RepositoryContracts", "RepositoryContracts\RepositoryContracts.csproj", "{2F0854F4-8041-4307-B159-90AEE08B502C}"
EndProject
Project("{FAE04EC0-301F-11D3-BF4B-00C04F79EFBC}") = "TMS.Mvc", "TMS.Mvc\TMS.Mvc.csproj", "{D345DE03-0CE8-49EF-9A98-B7379277E526}"
EndProject
Global
	GlobalSection(SolutionConfigurationPlatforms) = preSolution
		Debug|Any CPU = Debug|Any CPU
		Release|Any CPU = Release|Any CPU
	EndGlobalSection
	GlobalSection(ProjectConfigurationPlatforms) = postSolution
		{B36744B2-B3AF-49A0-92A8-E49B631CA758}.Debug|Any CPU.ActiveCfg = Debug|Any CPU
		{B36744B2-B3AF-49A0-92A8-E49B631CA758}.Debug|Any CPU.Build.0 = Debug|Any CPU
		{B36744B2-B3AF-49A0-92A8-E49B631CA758}.Release|Any CPU.ActiveCfg = Release|Any CPU
		{B36744B2-B3AF-49A0-92A8-E49B631CA758}.Release|Any CPU.Build.0 = Release|Any CPU
		{F4D2888B-D73B-418F-AF34-42057C0424FD}.Debug|Any CPU.ActiveCfg = Debug|Any CPU
		{F4D2888B-D73B-418F-AF34-42057C0424FD}.Debug|Any CPU.Build.0 = Debug|Any CPU
		{F4D2888B-D73B-418F-AF34-42057C0424FD}.Release|Any CPU.ActiveCfg = Release|Any CPU
		{F4D2888B-D73B-418F-AF34-42057C0424FD}.Release|Any CPU.Build.0 = Release|Any CPU
		{2F0854F4-8041-4307-B159-90AEE08B502C}.Debug|Any CPU.ActiveCfg = Debug|Any CPU
		{2F0854F4-8041-4307-B159-90AEE08B502C}.Debug|Any CPU.Build.0 = Debug|Any CPU
		{2F0854F4-8041-4307-B159-90AEE08B502C}.Release|Any CPU.ActiveCfg = Release|Any CPU
		{2F0854F4-8041-4307-B159-90AEE08B502C}.Release|Any CPU.Build.0 = Release|Any CPU
		{D345DE03-0CE8-49EF-9A98-B7379277E526}.Debug|Any CPU.ActiveCfg = Debug|Any CPU
		{D345DE03-0CE8-49EF-9A98-B7379277E526}.Debug|Any CPU.Build.0 = Debug|Any CPU
		{D345DE03-0CE8-49EF-9A98-B7379277E526}.Release|Any CPU.ActiveCfg = Release|Any CPU
		{D345DE03-0CE8-49EF-9A98-B7379277E526}.Release|Any CPU.Build.0 = Release|Any CPU
	EndGlobalSection
	GlobalSection(SolutionProperties) = preSolution
		HideSolutionNode = FALSE
	EndGlobalSection
	GlobalSection(ExtensibilityGlobals) = postSolution
		SolutionGuid = {40EB4CAD-0DB1-4D86-9770-E645175AF6CF}
	EndGlobalSection
EndGlobal
