
Microsoft Visual Studio Solution File, Format Version 12.00
# Visual Studio Version 17
VisualStudioVersion = 17.11.35222.181
MinimumVisualStudioVersion = 10.0.40219.1
Project("{9A19103F-16F7-4668-BE54-9A1E7A4F7556}") = "Khayati.Mvc", "Khayati.Mvc\Khayati.Mvc.csproj", "{32BA41F3-4162-40F8-9C1B-BD9AA7BD3262}"
EndProject
Project("{2150E333-8FDC-42A3-9474-1A3956D46DE8}") = "src", "src", "{3103FB58-D1C3-433F-AFE5-A7351BE1246E}"
EndProject
Project("{9A19103F-16F7-4668-BE54-9A1E7A4F7556}") = "Khayati.Core", "Khayati.Core\Khayati.Core.csproj", "{5F6CD784-CB2F-4E45-85F3-6408F6DED1C8}"
EndProject
Project("{9A19103F-16F7-4668-BE54-9A1E7A4F7556}") = "Khayati.Infrastructure", "Khayati.Infrastructure\Khayati.Infrastructure.csproj", "{5049EB8D-7A6C-495A-B98B-2CAD04C1CE6B}"
EndProject
Project("{9A19103F-16F7-4668-BE54-9A1E7A4F7556}") = "Khyati.Test", "Khyati.Test\Khyati.Test.csproj", "{CFBD0C66-B233-436F-A4F3-45A9CEEF9859}"
EndProject
Project("{2150E333-8FDC-42A3-9474-1A3956D46DE8}") = "Presentation", "Presentation", "{B091DA67-1140-4989-8A57-C5CD312B95A4}"
EndProject
Global
	GlobalSection(SolutionConfigurationPlatforms) = preSolution
		Debug|Any CPU = Debug|Any CPU
		Release|Any CPU = Release|Any CPU
	EndGlobalSection
	GlobalSection(ProjectConfigurationPlatforms) = postSolution
		{32BA41F3-4162-40F8-9C1B-BD9AA7BD3262}.Debug|Any CPU.ActiveCfg = Debug|Any CPU
		{32BA41F3-4162-40F8-9C1B-BD9AA7BD3262}.Debug|Any CPU.Build.0 = Debug|Any CPU
		{32BA41F3-4162-40F8-9C1B-BD9AA7BD3262}.Release|Any CPU.ActiveCfg = Release|Any CPU
		{32BA41F3-4162-40F8-9C1B-BD9AA7BD3262}.Release|Any CPU.Build.0 = Release|Any CPU
		{5F6CD784-CB2F-4E45-85F3-6408F6DED1C8}.Debug|Any CPU.ActiveCfg = Debug|Any CPU
		{5F6CD784-CB2F-4E45-85F3-6408F6DED1C8}.Debug|Any CPU.Build.0 = Debug|Any CPU
		{5F6CD784-CB2F-4E45-85F3-6408F6DED1C8}.Release|Any CPU.ActiveCfg = Release|Any CPU
		{5F6CD784-CB2F-4E45-85F3-6408F6DED1C8}.Release|Any CPU.Build.0 = Release|Any CPU
		{5049EB8D-7A6C-495A-B98B-2CAD04C1CE6B}.Debug|Any CPU.ActiveCfg = Debug|Any CPU
		{5049EB8D-7A6C-495A-B98B-2CAD04C1CE6B}.Debug|Any CPU.Build.0 = Debug|Any CPU
		{5049EB8D-7A6C-495A-B98B-2CAD04C1CE6B}.Release|Any CPU.ActiveCfg = Release|Any CPU
		{5049EB8D-7A6C-495A-B98B-2CAD04C1CE6B}.Release|Any CPU.Build.0 = Release|Any CPU
		{CFBD0C66-B233-436F-A4F3-45A9CEEF9859}.Debug|Any CPU.ActiveCfg = Debug|Any CPU
		{CFBD0C66-B233-436F-A4F3-45A9CEEF9859}.Debug|Any CPU.Build.0 = Debug|Any CPU
		{CFBD0C66-B233-436F-A4F3-45A9CEEF9859}.Release|Any CPU.ActiveCfg = Release|Any CPU
		{CFBD0C66-B233-436F-A4F3-45A9CEEF9859}.Release|Any CPU.Build.0 = Release|Any CPU
	EndGlobalSection
	GlobalSection(SolutionProperties) = preSolution
		HideSolutionNode = FALSE
	EndGlobalSection
	GlobalSection(NestedProjects) = preSolution
		{32BA41F3-4162-40F8-9C1B-BD9AA7BD3262} = {B091DA67-1140-4989-8A57-C5CD312B95A4}
		{5F6CD784-CB2F-4E45-85F3-6408F6DED1C8} = {3103FB58-D1C3-433F-AFE5-A7351BE1246E}
		{5049EB8D-7A6C-495A-B98B-2CAD04C1CE6B} = {3103FB58-D1C3-433F-AFE5-A7351BE1246E}
		{CFBD0C66-B233-436F-A4F3-45A9CEEF9859} = {3103FB58-D1C3-433F-AFE5-A7351BE1246E}
		{B091DA67-1140-4989-8A57-C5CD312B95A4} = {3103FB58-D1C3-433F-AFE5-A7351BE1246E}
	EndGlobalSection
	GlobalSection(ExtensibilityGlobals) = postSolution
		SolutionGuid = {40EB4CAD-0DB1-4D86-9770-E645175AF6CF}
	EndGlobalSection
EndGlobal
