
Microsoft Visual Studio Solution File, Format Version 12.00
# Visual Studio Version 17
VisualStudioVersion = 17.11.35222.181
MinimumVisualStudioVersion = 10.0.40219.1
Project("{9A19103F-16F7-4668-BE54-9A1E7A4F7556}") = "Entities", "Entities\Entities.csproj", "{B36744B2-B3AF-49A0-92A8-E49B631CA758}"
EndProject
Project("{9A19103F-16F7-4668-BE54-9A1E7A4F7556}") = "Repositories", "Repository\Repositories.csproj", "{F4D2888B-D73B-418F-AF34-42057C0424FD}"
EndProject
Project("{9A19103F-16F7-4668-BE54-9A1E7A4F7556}") = "RepositoryContracts", "RepositoryContracts\RepositoryContracts.csproj", "{2F0854F4-8041-4307-B159-90AEE08B502C}"
EndProject
Project("{9A19103F-16F7-4668-BE54-9A1E7A4F7556}") = "KhayatiApi", "KhayatiApi\KhayatiApi.csproj", "{068D07A1-D5B0-4207-ADC5-0BF59F55BC25}"
EndProject
Project("{9A19103F-16F7-4668-BE54-9A1E7A4F7556}") = "Khayati.Mvc", "Khayati.Mvc\Khayati.Mvc.csproj", "{32BA41F3-4162-40F8-9C1B-BD9AA7BD3262}"
EndProject
Project("{FAE04EC0-301F-11D3-BF4B-00C04F79EFBC}") = "Khayati.ServiceContracts", "Khayati.ServiceContracts\Khayati.ServiceContracts.csproj", "{79D88AB1-BA05-49E3-8EAC-91C1C3010F43}"
EndProject
Project("{FAE04EC0-301F-11D3-BF4B-00C04F79EFBC}") = "Khayati.Service", "Khayati.Service\Khayati.Service.csproj", "{9CAF79D1-00CF-40D4-B590-92426EAA4F44}"
EndProject
Global
	GlobalSection(SolutionConfigurationPlatforms) = preSolution
		Debug|Any CPU = Debug|Any CPU
		Release|Any CPU = Release|Any CPU
	EndGlobalSection
	GlobalSection(ProjectConfigurationPlatforms) = postSolution
		{B36744B2-B3AF-49A0-92A8-E49B631CA758}.Debug|Any CPU.ActiveCfg = Debug|Any CPU
		{B36744B2-B3AF-49A0-92A8-E49B631CA758}.Debug|Any CPU.Build.0 = Debug|Any CPU
		{B36744B2-B3AF-49A0-92A8-E49B631CA758}.Release|Any CPU.ActiveCfg = Release|Any CPU
		{B36744B2-B3AF-49A0-92A8-E49B631CA758}.Release|Any CPU.Build.0 = Release|Any CPU
		{F4D2888B-D73B-418F-AF34-42057C0424FD}.Debug|Any CPU.ActiveCfg = Debug|Any CPU
		{F4D2888B-D73B-418F-AF34-42057C0424FD}.Debug|Any CPU.Build.0 = Debug|Any CPU
		{F4D2888B-D73B-418F-AF34-42057C0424FD}.Release|Any CPU.ActiveCfg = Release|Any CPU
		{F4D2888B-D73B-418F-AF34-42057C0424FD}.Release|Any CPU.Build.0 = Release|Any CPU
		{2F0854F4-8041-4307-B159-90AEE08B502C}.Debug|Any CPU.ActiveCfg = Debug|Any CPU
		{2F0854F4-8041-4307-B159-90AEE08B502C}.Debug|Any CPU.Build.0 = Debug|Any CPU
		{2F0854F4-8041-4307-B159-90AEE08B502C}.Release|Any CPU.ActiveCfg = Release|Any CPU
		{2F0854F4-8041-4307-B159-90AEE08B502C}.Release|Any CPU.Build.0 = Release|Any CPU
		{068D07A1-D5B0-4207-ADC5-0BF59F55BC25}.Debug|Any CPU.ActiveCfg = Debug|Any CPU
		{068D07A1-D5B0-4207-ADC5-0BF59F55BC25}.Debug|Any CPU.Build.0 = Debug|Any CPU
		{068D07A1-D5B0-4207-ADC5-0BF59F55BC25}.Release|Any CPU.ActiveCfg = Release|Any CPU
		{068D07A1-D5B0-4207-ADC5-0BF59F55BC25}.Release|Any CPU.Build.0 = Release|Any CPU
		{32BA41F3-4162-40F8-9C1B-BD9AA7BD3262}.Debug|Any CPU.ActiveCfg = Debug|Any CPU
		{32BA41F3-4162-40F8-9C1B-BD9AA7BD3262}.Debug|Any CPU.Build.0 = Debug|Any CPU
		{32BA41F3-4162-40F8-9C1B-BD9AA7BD3262}.Release|Any CPU.ActiveCfg = Release|Any CPU
		{32BA41F3-4162-40F8-9C1B-BD9AA7BD3262}.Release|Any CPU.Build.0 = Release|Any CPU
		{79D88AB1-BA05-49E3-8EAC-91C1C3010F43}.Debug|Any CPU.ActiveCfg = Debug|Any CPU
		{79D88AB1-BA05-49E3-8EAC-91C1C3010F43}.Debug|Any CPU.Build.0 = Debug|Any CPU
		{79D88AB1-BA05-49E3-8EAC-91C1C3010F43}.Release|Any CPU.ActiveCfg = Release|Any CPU
		{79D88AB1-BA05-49E3-8EAC-91C1C3010F43}.Release|Any CPU.Build.0 = Release|Any CPU
		{9CAF79D1-00CF-40D4-B590-92426EAA4F44}.Debug|Any CPU.ActiveCfg = Debug|Any CPU
		{9CAF79D1-00CF-40D4-B590-92426EAA4F44}.Debug|Any CPU.Build.0 = Debug|Any CPU
		{9CAF79D1-00CF-40D4-B590-92426EAA4F44}.Release|Any CPU.ActiveCfg = Release|Any CPU
		{9CAF79D1-00CF-40D4-B590-92426EAA4F44}.Release|Any CPU.Build.0 = Release|Any CPU
	EndGlobalSection
	GlobalSection(SolutionProperties) = preSolution
		HideSolutionNode = FALSE
	EndGlobalSection
	GlobalSection(ExtensibilityGlobals) = postSolution
		SolutionGuid = {40EB4CAD-0DB1-4D86-9770-E645175AF6CF}
	EndGlobalSection
EndGlobal
